<?xml version="1.0" encoding="utf-8"?>
<Project ToolsVersion="4.0" xmlns="http://schemas.microsoft.com/developer/msbuild/2003">
  <ItemGroup>
    <Filter Include="리소스 파일">
      <UniqueIdentifier>{67DA6AB6-F800-4c08-8B7A-83BB121AAD01}</UniqueIdentifier>
      <Extensions>rc;ico;cur;bmp;dlg;rc2;rct;bin;rgs;gif;jpg;jpeg;jpe;resx;tiff;tif;png;wav;mfcribbon-ms</Extensions>
    </Filter>
    <Filter Include="App">
      <UniqueIdentifier>{6fd0a6bc-7949-4920-92f7-8bba67a3bdad}</UniqueIdentifier>
    </Filter>
    <Filter Include="Core">
      <UniqueIdentifier>{c4afe1ed-baed-4dc2-be9e-e16d55ee6e00}</UniqueIdentifier>
    </Filter>
    <Filter Include="Engine">
      <UniqueIdentifier>{2421e432-5bf8-4325-8f6c-52d982b8128e}</UniqueIdentifier>
    </Filter>
    <Filter Include="Game">
      <UniqueIdentifier>{d6ce15a5-555e-4b7b-a078-201c9293e318}</UniqueIdentifier>
    </Filter>
    <Filter Include="Network">
      <UniqueIdentifier>{96913c20-2f65-4972-8e40-432ea6e9d62a}</UniqueIdentifier>
    </Filter>
    <Filter Include="Resources">
      <UniqueIdentifier>{5f8d8d7f-e280-4c48-abc5-b5e0f6c05b9e}</UniqueIdentifier>
    </Filter>
    <Filter Include="Shaders">
      <UniqueIdentifier>{34c45204-0a7f-42f8-9b01-fe149b0112fc}</UniqueIdentifier>
    </Filter>
    <Filter Include="ThirdParty">
      <UniqueIdentifier>{061ebc00-97d8-4121-94b5-c8656d30594f}</UniqueIdentifier>
    </Filter>
    <Filter Include="UI">
      <UniqueIdentifier>{a0a02b14-bce6-40ef-8ab0-01fb17d3033b}</UniqueIdentifier>
    </Filter>
    <Filter Include="Engine\Renderer">
      <UniqueIdentifier>{c925924d-a5a1-4b5d-9489-ec9bd4115168}</UniqueIdentifier>
    </Filter>
    <Filter Include="Engine\Scene">
      <UniqueIdentifier>{9b48009c-0ff3-4280-ae9d-2ce52461ace6}</UniqueIdentifier>
    </Filter>
  </ItemGroup>
  <ItemGroup>
    <ClCompile Include="App\GameApp.cpp">
      <Filter>App</Filter>
    </ClCompile>
    <ClCompile Include="App\Main.cpp">
      <Filter>App</Filter>
    </ClCompile>
    <ClCompile Include="App\stdafx.cpp">
      <Filter>App</Filter>
    </ClCompile>
    <ClCompile Include="ThirdParty\DDSTextureLoader12.cpp">
      <Filter>ThirdParty</Filter>
    </ClCompile>
    <ClCompile Include="Engine\Renderer\Renderer.cpp">
      <Filter>Engine\Renderer</Filter>
    </ClCompile>
    <ClCompile Include="Engine\Scene\Scene.cpp">
      <Filter>Engine\Scene</Filter>
    </ClCompile>
  </ItemGroup>
  <ItemGroup>
    <ClInclude Include="App\GameApp.h">
      <Filter>App</Filter>
    </ClInclude>
    <ClInclude Include="App\stdafx.h">
      <Filter>App</Filter>
    </ClInclude>
    <ClInclude Include="ThirdParty\DDSTextureLoader12.h">
      <Filter>ThirdParty</Filter>
    </ClInclude>
    <ClInclude Include="ThirdParty\d3dx12.h">
      <Filter>ThirdParty</Filter>
    </ClInclude>
    <ClInclude Include="Engine\Renderer\Renderer.h">
      <Filter>Engine\Renderer</Filter>
    </ClInclude>
    <ClInclude Include="Engine\Scene\Scene.h">
      <Filter>Engine\Scene</Filter>
    </ClInclude>
  </ItemGroup>
</Project>